
Microsoft Visual Studio Solution File, Format Version 12.00
# Visual Studio Version 17
VisualStudioVersion = 17.11.35327.3
MinimumVisualStudioVersion = 10.0.40219.1
Project("{2150E333-8FDC-42A3-9474-1A3956D46DE8}") = "Task0", "Task0", "{4359A661-30B9-438A-85A4-D065C24ED191}"
EndProject
Project("{9A19103F-16F7-4668-BE54-9A1E7A4F7556}") = "Tyuiu.HoteevaEV.Sprint4.Task0.V26", "Tyuiu.HoteevaEV.Sprint4.Task0.V26\Tyuiu.HoteevaEV.Sprint4.Task0.V26.csproj", "{C4F5869A-AAFD-4474-9A75-B072984C5E10}"
EndProject
Project("{9A19103F-16F7-4668-BE54-9A1E7A4F7556}") = "Tyuiu.HoteevaEV.Sprint4.Task0.V26.Lib", "Tyuiu.HoteevaEV.Sprint4.Task0.V26.Lib\Tyuiu.HoteevaEV.Sprint4.Task0.V26.Lib.csproj", "{9986D267-6215-4A63-9613-684EFD18E2C0}"
EndProject
Project("{9A19103F-16F7-4668-BE54-9A1E7A4F7556}") = "Tyuiu.HoteevaEV.Sprint4.Task0.V26.Test", "Tyuiu.HoteevaEV.Sprint4.Task0.V26.Test\Tyuiu.HoteevaEV.Sprint4.Task0.V26.Test.csproj", "{732582F1-DD91-41EF-B2FC-E4AF197D3450}"
EndProject
Project("{2150E333-8FDC-42A3-9474-1A3956D46DE8}") = "Task1", "Task1", "{EC9CE343-D3D5-4FA3-9A88-09666829739F}"
EndProject
Project("{FAE04EC0-301F-11D3-BF4B-00C04F79EFBC}") = "Tyuiu.HoteevaEV.Sprint4.Task1.V29", "Tyuiu.HoteevaEV.Sprint4.Task1.V29\Tyuiu.HoteevaEV.Sprint4.Task1.V29.csproj", "{31795EE5-A256-4D33-A0E9-52C5850C6CD0}"
EndProject
Project("{FAE04EC0-301F-11D3-BF4B-00C04F79EFBC}") = "Tyuiu.HoteevaEV.Sprint4.Task1.V29.Lib", "Tyuiu.HoteevaEV.Sprint4.Task1.V29.Lib\Tyuiu.HoteevaEV.Sprint4.Task1.V29.Lib.csproj", "{434E96F5-405B-466F-8975-5CB28E71BEFF}"
EndProject
Project("{FAE04EC0-301F-11D3-BF4B-00C04F79EFBC}") = "Tyuiu.HoteevaEV.Sprint4.Task1.V29.Test", "Tyuiu.HoteevaEV.Sprint4.Task1.V29.Test\Tyuiu.HoteevaEV.Sprint4.Task1.V29.Test.csproj", "{46FB87A8-8A97-4E40-86E0-52A0D32A7B4A}"
EndProject
Project("{2150E333-8FDC-42A3-9474-1A3956D46DE8}") = "Task2", "Task2", "{527A2154-8DD4-4F38-86DA-8D3081CBA4EE}"
EndProject
Project("{FAE04EC0-301F-11D3-BF4B-00C04F79EFBC}") = "Tyuiu.HoteevaEV.Sprint4.Task2.V11", "Tyuiu.HoteevaEV.Sprint4.Task2.V11\Tyuiu.HoteevaEV.Sprint4.Task2.V11.csproj", "{F4DCDD17-456A-414C-BF68-A1A5FB90EA0B}"
EndProject
Project("{FAE04EC0-301F-11D3-BF4B-00C04F79EFBC}") = "Tyuiu.HoteevaEV.Sprint4.Task2.V11.Lib", "Tyuiu.HoteevaEV.Sprint4.Task2.V11.Lib\Tyuiu.HoteevaEV.Sprint4.Task2.V11.Lib.csproj", "{2C9C6EE8-1527-4840-ACA1-E78B908EE700}"
EndProject
Project("{FAE04EC0-301F-11D3-BF4B-00C04F79EFBC}") = "Tyuiu.HoteevaEV.Sprint4.Task2.V11.Test", "Tyuiu.HoteevaEV.Sprint4.Task2.V11.Test\Tyuiu.HoteevaEV.Sprint4.Task2.V11.Test.csproj", "{99A56A7B-AF35-4498-85FF-AB1AD023A1C6}"
EndProject
Global
	GlobalSection(SolutionConfigurationPlatforms) = preSolution
		Debug|Any CPU = Debug|Any CPU
		Release|Any CPU = Release|Any CPU
	EndGlobalSection
	GlobalSection(ProjectConfigurationPlatforms) = postSolution
		{C4F5869A-AAFD-4474-9A75-B072984C5E10}.Debug|Any CPU.ActiveCfg = Debug|Any CPU
		{C4F5869A-AAFD-4474-9A75-B072984C5E10}.Debug|Any CPU.Build.0 = Debug|Any CPU
		{C4F5869A-AAFD-4474-9A75-B072984C5E10}.Release|Any CPU.ActiveCfg = Release|Any CPU
		{C4F5869A-AAFD-4474-9A75-B072984C5E10}.Release|Any CPU.Build.0 = Release|Any CPU
		{9986D267-6215-4A63-9613-684EFD18E2C0}.Debug|Any CPU.ActiveCfg = Debug|Any CPU
		{9986D267-6215-4A63-9613-684EFD18E2C0}.Debug|Any CPU.Build.0 = Debug|Any CPU
		{9986D267-6215-4A63-9613-684EFD18E2C0}.Release|Any CPU.ActiveCfg = Release|Any CPU
		{9986D267-6215-4A63-9613-684EFD18E2C0}.Release|Any CPU.Build.0 = Release|Any CPU
		{732582F1-DD91-41EF-B2FC-E4AF197D3450}.Debug|Any CPU.ActiveCfg = Debug|Any CPU
		{732582F1-DD91-41EF-B2FC-E4AF197D3450}.Debug|Any CPU.Build.0 = Debug|Any CPU
		{732582F1-DD91-41EF-B2FC-E4AF197D3450}.Release|Any CPU.ActiveCfg = Release|Any CPU
		{732582F1-DD91-41EF-B2FC-E4AF197D3450}.Release|Any CPU.Build.0 = Release|Any CPU
		{31795EE5-A256-4D33-A0E9-52C5850C6CD0}.Debug|Any CPU.ActiveCfg = Debug|Any CPU
		{31795EE5-A256-4D33-A0E9-52C5850C6CD0}.Debug|Any CPU.Build.0 = Debug|Any CPU
		{31795EE5-A256-4D33-A0E9-52C5850C6CD0}.Release|Any CPU.ActiveCfg = Release|Any CPU
		{31795EE5-A256-4D33-A0E9-52C5850C6CD0}.Release|Any CPU.Build.0 = Release|Any CPU
		{434E96F5-405B-466F-8975-5CB28E71BEFF}.Debug|Any CPU.ActiveCfg = Debug|Any CPU
		{434E96F5-405B-466F-8975-5CB28E71BEFF}.Debug|Any CPU.Build.0 = Debug|Any CPU
		{434E96F5-405B-466F-8975-5CB28E71BEFF}.Release|Any CPU.ActiveCfg = Release|Any CPU
		{434E96F5-405B-466F-8975-5CB28E71BEFF}.Release|Any CPU.Build.0 = Release|Any CPU
		{46FB87A8-8A97-4E40-86E0-52A0D32A7B4A}.Debug|Any CPU.ActiveCfg = Debug|Any CPU
		{46FB87A8-8A97-4E40-86E0-52A0D32A7B4A}.Debug|Any CPU.Build.0 = Debug|Any CPU
		{46FB87A8-8A97-4E40-86E0-52A0D32A7B4A}.Release|Any CPU.ActiveCfg = Release|Any CPU
		{46FB87A8-8A97-4E40-86E0-52A0D32A7B4A}.Release|Any CPU.Build.0 = Release|Any CPU
		{F4DCDD17-456A-414C-BF68-A1A5FB90EA0B}.Debug|Any CPU.ActiveCfg = Debug|Any CPU
		{F4DCDD17-456A-414C-BF68-A1A5FB90EA0B}.Debug|Any CPU.Build.0 = Debug|Any CPU
		{F4DCDD17-456A-414C-BF68-A1A5FB90EA0B}.Release|Any CPU.ActiveCfg = Release|Any CPU
		{F4DCDD17-456A-414C-BF68-A1A5FB90EA0B}.Release|Any CPU.Build.0 = Release|Any CPU
		{2C9C6EE8-1527-4840-ACA1-E78B908EE700}.Debug|Any CPU.ActiveCfg = Debug|Any CPU
		{2C9C6EE8-1527-4840-ACA1-E78B908EE700}.Debug|Any CPU.Build.0 = Debug|Any CPU
		{2C9C6EE8-1527-4840-ACA1-E78B908EE700}.Release|Any CPU.ActiveCfg = Release|Any CPU
		{2C9C6EE8-1527-4840-ACA1-E78B908EE700}.Release|Any CPU.Build.0 = Release|Any CPU
		{99A56A7B-AF35-4498-85FF-AB1AD023A1C6}.Debug|Any CPU.ActiveCfg = Debug|Any CPU
		{99A56A7B-AF35-4498-85FF-AB1AD023A1C6}.Debug|Any CPU.Build.0 = Debug|Any CPU
		{99A56A7B-AF35-4498-85FF-AB1AD023A1C6}.Release|Any CPU.ActiveCfg = Release|Any CPU
		{99A56A7B-AF35-4498-85FF-AB1AD023A1C6}.Release|Any CPU.Build.0 = Release|Any CPU
	EndGlobalSection
	GlobalSection(SolutionProperties) = preSolution
		HideSolutionNode = FALSE
	EndGlobalSection
	GlobalSection(NestedProjects) = preSolution
		{C4F5869A-AAFD-4474-9A75-B072984C5E10} = {4359A661-30B9-438A-85A4-D065C24ED191}
		{9986D267-6215-4A63-9613-684EFD18E2C0} = {4359A661-30B9-438A-85A4-D065C24ED191}
		{732582F1-DD91-41EF-B2FC-E4AF197D3450} = {4359A661-30B9-438A-85A4-D065C24ED191}
		{31795EE5-A256-4D33-A0E9-52C5850C6CD0} = {EC9CE343-D3D5-4FA3-9A88-09666829739F}
		{434E96F5-405B-466F-8975-5CB28E71BEFF} = {EC9CE343-D3D5-4FA3-9A88-09666829739F}
		{46FB87A8-8A97-4E40-86E0-52A0D32A7B4A} = {EC9CE343-D3D5-4FA3-9A88-09666829739F}
		{F4DCDD17-456A-414C-BF68-A1A5FB90EA0B} = {527A2154-8DD4-4F38-86DA-8D3081CBA4EE}
		{2C9C6EE8-1527-4840-ACA1-E78B908EE700} = {527A2154-8DD4-4F38-86DA-8D3081CBA4EE}
		{99A56A7B-AF35-4498-85FF-AB1AD023A1C6} = {527A2154-8DD4-4F38-86DA-8D3081CBA4EE}
	EndGlobalSection
	GlobalSection(ExtensibilityGlobals) = postSolution
		SolutionGuid = {4D104CB2-1EE9-425E-8595-B8C4E68DD469}
	EndGlobalSection
EndGlobal
