
Microsoft Visual Studio Solution File, Format Version 12.00
# Visual Studio Version 17
VisualStudioVersion = 17.11.35327.3
MinimumVisualStudioVersion = 10.0.40219.1
Project("{2150E333-8FDC-42A3-9474-1A3956D46DE8}") = "Task0", "Task0", "{4359A661-30B9-438A-85A4-D065C24ED191}"
EndProject
Project("{9A19103F-16F7-4668-BE54-9A1E7A4F7556}") = "Tyuiu.HoteevaEV.Sprint4.Task0.V26", "Tyuiu.HoteevaEV.Sprint4.Task0.V26\Tyuiu.HoteevaEV.Sprint4.Task0.V26.csproj", "{C4F5869A-AAFD-4474-9A75-B072984C5E10}"
EndProject
Project("{9A19103F-16F7-4668-BE54-9A1E7A4F7556}") = "Tyuiu.HoteevaEV.Sprint4.Task0.V26.Lib", "Tyuiu.HoteevaEV.Sprint4.Task0.V26.Lib\Tyuiu.HoteevaEV.Sprint4.Task0.V26.Lib.csproj", "{9986D267-6215-4A63-9613-684EFD18E2C0}"
EndProject
Project("{9A19103F-16F7-4668-BE54-9A1E7A4F7556}") = "Tyuiu.HoteevaEV.Sprint4.Task0.V26.Test", "Tyuiu.HoteevaEV.Sprint4.Task0.V26.Test\Tyuiu.HoteevaEV.Sprint4.Task0.V26.Test.csproj", "{732582F1-DD91-41EF-B2FC-E4AF197D3450}"
EndProject
Project("{2150E333-8FDC-42A3-9474-1A3956D46DE8}") = "Task1", "Task1", "{EC9CE343-D3D5-4FA3-9A88-09666829739F}"
EndProject
Project("{9A19103F-16F7-4668-BE54-9A1E7A4F7556}") = "Tyuiu.HoteevaEV.Sprint4.Task1.V29", "Tyuiu.HoteevaEV.Sprint4.Task1.V29\Tyuiu.HoteevaEV.Sprint4.Task1.V29.csproj", "{31795EE5-A256-4D33-A0E9-52C5850C6CD0}"
EndProject
Project("{9A19103F-16F7-4668-BE54-9A1E7A4F7556}") = "Tyuiu.HoteevaEV.Sprint4.Task1.V29.Lib", "Tyuiu.HoteevaEV.Sprint4.Task1.V29.Lib\Tyuiu.HoteevaEV.Sprint4.Task1.V29.Lib.csproj", "{434E96F5-405B-466F-8975-5CB28E71BEFF}"
EndProject
Project("{9A19103F-16F7-4668-BE54-9A1E7A4F7556}") = "Tyuiu.HoteevaEV.Sprint4.Task1.V29.Test", "Tyuiu.HoteevaEV.Sprint4.Task1.V29.Test\Tyuiu.HoteevaEV.Sprint4.Task1.V29.Test.csproj", "{46FB87A8-8A97-4E40-86E0-52A0D32A7B4A}"
EndProject
Project("{2150E333-8FDC-42A3-9474-1A3956D46DE8}") = "Task2", "Task2", "{527A2154-8DD4-4F38-86DA-8D3081CBA4EE}"
EndProject
Project("{9A19103F-16F7-4668-BE54-9A1E7A4F7556}") = "Tyuiu.HoteevaEV.Sprint4.Task2.V11", "Tyuiu.HoteevaEV.Sprint4.Task2.V11\Tyuiu.HoteevaEV.Sprint4.Task2.V11.csproj", "{F4DCDD17-456A-414C-BF68-A1A5FB90EA0B}"
EndProject
Project("{9A19103F-16F7-4668-BE54-9A1E7A4F7556}") = "Tyuiu.HoteevaEV.Sprint4.Task2.V11.Lib", "Tyuiu.HoteevaEV.Sprint4.Task2.V11.Lib\Tyuiu.HoteevaEV.Sprint4.Task2.V11.Lib.csproj", "{2C9C6EE8-1527-4840-ACA1-E78B908EE700}"
EndProject
Project("{9A19103F-16F7-4668-BE54-9A1E7A4F7556}") = "Tyuiu.HoteevaEV.Sprint4.Task2.V11.Test", "Tyuiu.HoteevaEV.Sprint4.Task2.V11.Test\Tyuiu.HoteevaEV.Sprint4.Task2.V11.Test.csproj", "{99A56A7B-AF35-4498-85FF-AB1AD023A1C6}"
EndProject
Project("{2150E333-8FDC-42A3-9474-1A3956D46DE8}") = "Task3", "Task3", "{8BACE08F-2905-4138-9CE1-C2A028190A77}"
EndProject
Project("{9A19103F-16F7-4668-BE54-9A1E7A4F7556}") = "Tyuiu.HoteevaEV.Sprint4.Task3.V8", "Tyuiu.HoteevaEV.Sprint4.Task3.V8\Tyuiu.HoteevaEV.Sprint4.Task3.V8.csproj", "{D69969DD-B170-47AD-A24F-F6009C0C9D4A}"
EndProject
Project("{9A19103F-16F7-4668-BE54-9A1E7A4F7556}") = "Tyuiu.HoteevaEV.Sprint4.Task3.V8.Lib", "Tyuiu.HoteevaEV.Sprint4.Task3.V8.Lib\Tyuiu.HoteevaEV.Sprint4.Task3.V8.Lib.csproj", "{109FB4AC-32CE-4DEB-A312-6CCD465E6D6F}"
EndProject
Project("{9A19103F-16F7-4668-BE54-9A1E7A4F7556}") = "Tyuiu.HoteevaEV.Sprint4.Task3.V8.Test", "Tyuiu.HoteevaEV.Sprint4.Task3.V8.Test\Tyuiu.HoteevaEV.Sprint4.Task3.V8.Test.csproj", "{1EB65761-35B1-4DFC-9C17-B9E13FC36849}"
EndProject
Project("{2150E333-8FDC-42A3-9474-1A3956D46DE8}") = "Task4", "Task4", "{1FE24CC7-E616-4675-BED4-4773A634979C}"
EndProject
Project("{9A19103F-16F7-4668-BE54-9A1E7A4F7556}") = "Tyuiu.HoteevaEV.Sprint4.Task4.V3", "Tyuiu.HoteevaEV.Sprint4.Task4.V3\Tyuiu.HoteevaEV.Sprint4.Task4.V3.csproj", "{7A2C9B32-9EC6-4B16-8AD8-B149B73F1042}"
EndProject
Project("{9A19103F-16F7-4668-BE54-9A1E7A4F7556}") = "Tyuiu.HoteevaEV.Sprint4.Task4.V3.Lib", "Tyuiu.HoteevaEV.Sprint4.Task4.V3.Lib\Tyuiu.HoteevaEV.Sprint4.Task4.V3.Lib.csproj", "{FAC5166E-55E8-43B2-BE05-1D81AEC01BEC}"
EndProject
Project("{9A19103F-16F7-4668-BE54-9A1E7A4F7556}") = "Tyuiu.HoteevaEV.Sprint4.Task4.V3.Test", "Tyuiu.HoteevaEV.Sprint4.Task4.V3.Test\Tyuiu.HoteevaEV.Sprint4.Task4.V3.Test.csproj", "{991CA005-016C-4EE3-BDA7-4EA9FC7F7472}"
EndProject
Project("{2150E333-8FDC-42A3-9474-1A3956D46DE8}") = "Task5", "Task5", "{C1341698-D827-400F-8277-C3E88FBA1E50}"
EndProject
Project("{9A19103F-16F7-4668-BE54-9A1E7A4F7556}") = "Tyuiu.HoteevaEV.Sprint4.Task5.V30", "Tyuiu.HoteevaEV.Sprint4.Task5.V30\Tyuiu.HoteevaEV.Sprint4.Task5.V30.csproj", "{E2249CBC-9EDE-4624-B7C9-0A128FFD25AB}"
EndProject
Project("{9A19103F-16F7-4668-BE54-9A1E7A4F7556}") = "Tyuiu.HoteevaEV.Sprint4.Task5.V30.Lib", "Tyuiu.HoteevaEV.Sprint4.Task5.V30.Lib\Tyuiu.HoteevaEV.Sprint4.Task5.V30.Lib.csproj", "{6F62C5C0-EEC0-4DA3-BA60-AFCEEE74B9D0}"
EndProject
Project("{9A19103F-16F7-4668-BE54-9A1E7A4F7556}") = "Tyuiu.HoteevaEV.Sprint4.Task5.V30.Test", "Tyuiu.HoteevaEV.Sprint4.Task5.V30.Test\Tyuiu.HoteevaEV.Sprint4.Task5.V30.Test.csproj", "{46A98786-EA1A-498D-9E8A-EDC6DD8A79A8}"
EndProject
Project("{2150E333-8FDC-42A3-9474-1A3956D46DE8}") = "Task6", "Task6", "{7F20EB32-066C-4D96-9734-B8D282FFA72D}"
EndProject
Project("{9A19103F-16F7-4668-BE54-9A1E7A4F7556}") = "Tyuiu.HoteevaEV.Sprint4.Task6.V27", "Tyuiu.HoteevaEV.Sprint4.Task6.V27\Tyuiu.HoteevaEV.Sprint4.Task6.V27.csproj", "{14FB954A-9807-495B-8710-063256ABC182}"
EndProject
Project("{9A19103F-16F7-4668-BE54-9A1E7A4F7556}") = "Tyuiu.HoteevaEV.Sprint4.Task6.V27.Lib", "Tyuiu.HoteevaEV.Sprint4.Task6.V27.Lib\Tyuiu.HoteevaEV.Sprint4.Task6.V27.Lib.csproj", "{DA1A7D8C-170F-4B21-AF07-9BE5042781C9}"
EndProject
Project("{9A19103F-16F7-4668-BE54-9A1E7A4F7556}") = "Tyuiu.HoteevaEV.Sprint4.Task6.V27.Test", "Tyuiu.HoteevaEV.Sprint4.Task6.V27.Test\Tyuiu.HoteevaEV.Sprint4.Task6.V27.Test.csproj", "{44DF5F56-F1C3-4FBC-8F29-54C38D309AA0}"
EndProject
Project("{2150E333-8FDC-42A3-9474-1A3956D46DE8}") = "Task7", "Task7", "{70C5FE40-787D-445D-94DF-6CBBBBC0B392}"
EndProject
Project("{FAE04EC0-301F-11D3-BF4B-00C04F79EFBC}") = "Tyuiu.HoteevaEV.Sprint4.Task7.V12", "Tyuiu.HoteevaEV.Sprint4.Task7.V12\Tyuiu.HoteevaEV.Sprint4.Task7.V12.csproj", "{866AF326-FCD8-4033-8680-2267A79AC576}"
EndProject
Project("{FAE04EC0-301F-11D3-BF4B-00C04F79EFBC}") = "Tyuiu.HoteevaEV.Sprint4.Task7.V12.Lib", "Tyuiu.HoteevaEV.Sprint4.Task7.V12.Lib\Tyuiu.HoteevaEV.Sprint4.Task7.V12.Lib.csproj", "{EC84DF73-DF3B-4E29-BBD1-F1E571B9BCE1}"
EndProject
Project("{FAE04EC0-301F-11D3-BF4B-00C04F79EFBC}") = "Tyuiu.HoteevaEV.Sprint4.Task7.V12.Test", "Tyuiu.HoteevaEV.Sprint4.Task7.V12.Test\Tyuiu.HoteevaEV.Sprint4.Task7.V12.Test.csproj", "{775FA633-B0FA-4358-A07C-8D6A44B48AEE}"
EndProject
Global
	GlobalSection(SolutionConfigurationPlatforms) = preSolution
		Debug|Any CPU = Debug|Any CPU
		Release|Any CPU = Release|Any CPU
	EndGlobalSection
	GlobalSection(ProjectConfigurationPlatforms) = postSolution
		{C4F5869A-AAFD-4474-9A75-B072984C5E10}.Debug|Any CPU.ActiveCfg = Debug|Any CPU
		{C4F5869A-AAFD-4474-9A75-B072984C5E10}.Debug|Any CPU.Build.0 = Debug|Any CPU
		{C4F5869A-AAFD-4474-9A75-B072984C5E10}.Release|Any CPU.ActiveCfg = Release|Any CPU
		{C4F5869A-AAFD-4474-9A75-B072984C5E10}.Release|Any CPU.Build.0 = Release|Any CPU
		{9986D267-6215-4A63-9613-684EFD18E2C0}.Debug|Any CPU.ActiveCfg = Debug|Any CPU
		{9986D267-6215-4A63-9613-684EFD18E2C0}.Debug|Any CPU.Build.0 = Debug|Any CPU
		{9986D267-6215-4A63-9613-684EFD18E2C0}.Release|Any CPU.ActiveCfg = Release|Any CPU
		{9986D267-6215-4A63-9613-684EFD18E2C0}.Release|Any CPU.Build.0 = Release|Any CPU
		{732582F1-DD91-41EF-B2FC-E4AF197D3450}.Debug|Any CPU.ActiveCfg = Debug|Any CPU
		{732582F1-DD91-41EF-B2FC-E4AF197D3450}.Debug|Any CPU.Build.0 = Debug|Any CPU
		{732582F1-DD91-41EF-B2FC-E4AF197D3450}.Release|Any CPU.ActiveCfg = Release|Any CPU
		{732582F1-DD91-41EF-B2FC-E4AF197D3450}.Release|Any CPU.Build.0 = Release|Any CPU
		{31795EE5-A256-4D33-A0E9-52C5850C6CD0}.Debug|Any CPU.ActiveCfg = Debug|Any CPU
		{31795EE5-A256-4D33-A0E9-52C5850C6CD0}.Debug|Any CPU.Build.0 = Debug|Any CPU
		{31795EE5-A256-4D33-A0E9-52C5850C6CD0}.Release|Any CPU.ActiveCfg = Release|Any CPU
		{31795EE5-A256-4D33-A0E9-52C5850C6CD0}.Release|Any CPU.Build.0 = Release|Any CPU
		{434E96F5-405B-466F-8975-5CB28E71BEFF}.Debug|Any CPU.ActiveCfg = Debug|Any CPU
		{434E96F5-405B-466F-8975-5CB28E71BEFF}.Debug|Any CPU.Build.0 = Debug|Any CPU
		{434E96F5-405B-466F-8975-5CB28E71BEFF}.Release|Any CPU.ActiveCfg = Release|Any CPU
		{434E96F5-405B-466F-8975-5CB28E71BEFF}.Release|Any CPU.Build.0 = Release|Any CPU
		{46FB87A8-8A97-4E40-86E0-52A0D32A7B4A}.Debug|Any CPU.ActiveCfg = Debug|Any CPU
		{46FB87A8-8A97-4E40-86E0-52A0D32A7B4A}.Debug|Any CPU.Build.0 = Debug|Any CPU
		{46FB87A8-8A97-4E40-86E0-52A0D32A7B4A}.Release|Any CPU.ActiveCfg = Release|Any CPU
		{46FB87A8-8A97-4E40-86E0-52A0D32A7B4A}.Release|Any CPU.Build.0 = Release|Any CPU
		{F4DCDD17-456A-414C-BF68-A1A5FB90EA0B}.Debug|Any CPU.ActiveCfg = Debug|Any CPU
		{F4DCDD17-456A-414C-BF68-A1A5FB90EA0B}.Debug|Any CPU.Build.0 = Debug|Any CPU
		{F4DCDD17-456A-414C-BF68-A1A5FB90EA0B}.Release|Any CPU.ActiveCfg = Release|Any CPU
		{F4DCDD17-456A-414C-BF68-A1A5FB90EA0B}.Release|Any CPU.Build.0 = Release|Any CPU
		{2C9C6EE8-1527-4840-ACA1-E78B908EE700}.Debug|Any CPU.ActiveCfg = Debug|Any CPU
		{2C9C6EE8-1527-4840-ACA1-E78B908EE700}.Debug|Any CPU.Build.0 = Debug|Any CPU
		{2C9C6EE8-1527-4840-ACA1-E78B908EE700}.Release|Any CPU.ActiveCfg = Release|Any CPU
		{2C9C6EE8-1527-4840-ACA1-E78B908EE700}.Release|Any CPU.Build.0 = Release|Any CPU
		{99A56A7B-AF35-4498-85FF-AB1AD023A1C6}.Debug|Any CPU.ActiveCfg = Debug|Any CPU
		{99A56A7B-AF35-4498-85FF-AB1AD023A1C6}.Debug|Any CPU.Build.0 = Debug|Any CPU
		{99A56A7B-AF35-4498-85FF-AB1AD023A1C6}.Release|Any CPU.ActiveCfg = Release|Any CPU
		{99A56A7B-AF35-4498-85FF-AB1AD023A1C6}.Release|Any CPU.Build.0 = Release|Any CPU
		{D69969DD-B170-47AD-A24F-F6009C0C9D4A}.Debug|Any CPU.ActiveCfg = Debug|Any CPU
		{D69969DD-B170-47AD-A24F-F6009C0C9D4A}.Debug|Any CPU.Build.0 = Debug|Any CPU
		{D69969DD-B170-47AD-A24F-F6009C0C9D4A}.Release|Any CPU.ActiveCfg = Release|Any CPU
		{D69969DD-B170-47AD-A24F-F6009C0C9D4A}.Release|Any CPU.Build.0 = Release|Any CPU
		{109FB4AC-32CE-4DEB-A312-6CCD465E6D6F}.Debug|Any CPU.ActiveCfg = Debug|Any CPU
		{109FB4AC-32CE-4DEB-A312-6CCD465E6D6F}.Debug|Any CPU.Build.0 = Debug|Any CPU
		{109FB4AC-32CE-4DEB-A312-6CCD465E6D6F}.Release|Any CPU.ActiveCfg = Release|Any CPU
		{109FB4AC-32CE-4DEB-A312-6CCD465E6D6F}.Release|Any CPU.Build.0 = Release|Any CPU
		{1EB65761-35B1-4DFC-9C17-B9E13FC36849}.Debug|Any CPU.ActiveCfg = Debug|Any CPU
		{1EB65761-35B1-4DFC-9C17-B9E13FC36849}.Debug|Any CPU.Build.0 = Debug|Any CPU
		{1EB65761-35B1-4DFC-9C17-B9E13FC36849}.Release|Any CPU.ActiveCfg = Release|Any CPU
		{1EB65761-35B1-4DFC-9C17-B9E13FC36849}.Release|Any CPU.Build.0 = Release|Any CPU
		{7A2C9B32-9EC6-4B16-8AD8-B149B73F1042}.Debug|Any CPU.ActiveCfg = Debug|Any CPU
		{7A2C9B32-9EC6-4B16-8AD8-B149B73F1042}.Debug|Any CPU.Build.0 = Debug|Any CPU
		{7A2C9B32-9EC6-4B16-8AD8-B149B73F1042}.Release|Any CPU.ActiveCfg = Release|Any CPU
		{7A2C9B32-9EC6-4B16-8AD8-B149B73F1042}.Release|Any CPU.Build.0 = Release|Any CPU
		{FAC5166E-55E8-43B2-BE05-1D81AEC01BEC}.Debug|Any CPU.ActiveCfg = Debug|Any CPU
		{FAC5166E-55E8-43B2-BE05-1D81AEC01BEC}.Debug|Any CPU.Build.0 = Debug|Any CPU
		{FAC5166E-55E8-43B2-BE05-1D81AEC01BEC}.Release|Any CPU.ActiveCfg = Release|Any CPU
		{FAC5166E-55E8-43B2-BE05-1D81AEC01BEC}.Release|Any CPU.Build.0 = Release|Any CPU
		{991CA005-016C-4EE3-BDA7-4EA9FC7F7472}.Debug|Any CPU.ActiveCfg = Debug|Any CPU
		{991CA005-016C-4EE3-BDA7-4EA9FC7F7472}.Debug|Any CPU.Build.0 = Debug|Any CPU
		{991CA005-016C-4EE3-BDA7-4EA9FC7F7472}.Release|Any CPU.ActiveCfg = Release|Any CPU
		{991CA005-016C-4EE3-BDA7-4EA9FC7F7472}.Release|Any CPU.Build.0 = Release|Any CPU
		{E2249CBC-9EDE-4624-B7C9-0A128FFD25AB}.Debug|Any CPU.ActiveCfg = Debug|Any CPU
		{E2249CBC-9EDE-4624-B7C9-0A128FFD25AB}.Debug|Any CPU.Build.0 = Debug|Any CPU
		{E2249CBC-9EDE-4624-B7C9-0A128FFD25AB}.Release|Any CPU.ActiveCfg = Release|Any CPU
		{E2249CBC-9EDE-4624-B7C9-0A128FFD25AB}.Release|Any CPU.Build.0 = Release|Any CPU
		{6F62C5C0-EEC0-4DA3-BA60-AFCEEE74B9D0}.Debug|Any CPU.ActiveCfg = Debug|Any CPU
		{6F62C5C0-EEC0-4DA3-BA60-AFCEEE74B9D0}.Debug|Any CPU.Build.0 = Debug|Any CPU
		{6F62C5C0-EEC0-4DA3-BA60-AFCEEE74B9D0}.Release|Any CPU.ActiveCfg = Release|Any CPU
		{6F62C5C0-EEC0-4DA3-BA60-AFCEEE74B9D0}.Release|Any CPU.Build.0 = Release|Any CPU
		{46A98786-EA1A-498D-9E8A-EDC6DD8A79A8}.Debug|Any CPU.ActiveCfg = Debug|Any CPU
		{46A98786-EA1A-498D-9E8A-EDC6DD8A79A8}.Debug|Any CPU.Build.0 = Debug|Any CPU
		{46A98786-EA1A-498D-9E8A-EDC6DD8A79A8}.Release|Any CPU.ActiveCfg = Release|Any CPU
		{46A98786-EA1A-498D-9E8A-EDC6DD8A79A8}.Release|Any CPU.Build.0 = Release|Any CPU
		{14FB954A-9807-495B-8710-063256ABC182}.Debug|Any CPU.ActiveCfg = Debug|Any CPU
		{14FB954A-9807-495B-8710-063256ABC182}.Debug|Any CPU.Build.0 = Debug|Any CPU
		{14FB954A-9807-495B-8710-063256ABC182}.Release|Any CPU.ActiveCfg = Release|Any CPU
		{14FB954A-9807-495B-8710-063256ABC182}.Release|Any CPU.Build.0 = Release|Any CPU
		{DA1A7D8C-170F-4B21-AF07-9BE5042781C9}.Debug|Any CPU.ActiveCfg = Debug|Any CPU
		{DA1A7D8C-170F-4B21-AF07-9BE5042781C9}.Debug|Any CPU.Build.0 = Debug|Any CPU
		{DA1A7D8C-170F-4B21-AF07-9BE5042781C9}.Release|Any CPU.ActiveCfg = Release|Any CPU
		{DA1A7D8C-170F-4B21-AF07-9BE5042781C9}.Release|Any CPU.Build.0 = Release|Any CPU
		{44DF5F56-F1C3-4FBC-8F29-54C38D309AA0}.Debug|Any CPU.ActiveCfg = Debug|Any CPU
		{44DF5F56-F1C3-4FBC-8F29-54C38D309AA0}.Debug|Any CPU.Build.0 = Debug|Any CPU
		{44DF5F56-F1C3-4FBC-8F29-54C38D309AA0}.Release|Any CPU.ActiveCfg = Release|Any CPU
		{44DF5F56-F1C3-4FBC-8F29-54C38D309AA0}.Release|Any CPU.Build.0 = Release|Any CPU
		{866AF326-FCD8-4033-8680-2267A79AC576}.Debug|Any CPU.ActiveCfg = Debug|Any CPU
		{866AF326-FCD8-4033-8680-2267A79AC576}.Debug|Any CPU.Build.0 = Debug|Any CPU
		{866AF326-FCD8-4033-8680-2267A79AC576}.Release|Any CPU.ActiveCfg = Release|Any CPU
		{866AF326-FCD8-4033-8680-2267A79AC576}.Release|Any CPU.Build.0 = Release|Any CPU
		{EC84DF73-DF3B-4E29-BBD1-F1E571B9BCE1}.Debug|Any CPU.ActiveCfg = Debug|Any CPU
		{EC84DF73-DF3B-4E29-BBD1-F1E571B9BCE1}.Debug|Any CPU.Build.0 = Debug|Any CPU
		{EC84DF73-DF3B-4E29-BBD1-F1E571B9BCE1}.Release|Any CPU.ActiveCfg = Release|Any CPU
		{EC84DF73-DF3B-4E29-BBD1-F1E571B9BCE1}.Release|Any CPU.Build.0 = Release|Any CPU
		{775FA633-B0FA-4358-A07C-8D6A44B48AEE}.Debug|Any CPU.ActiveCfg = Debug|Any CPU
		{775FA633-B0FA-4358-A07C-8D6A44B48AEE}.Debug|Any CPU.Build.0 = Debug|Any CPU
		{775FA633-B0FA-4358-A07C-8D6A44B48AEE}.Release|Any CPU.ActiveCfg = Release|Any CPU
		{775FA633-B0FA-4358-A07C-8D6A44B48AEE}.Release|Any CPU.Build.0 = Release|Any CPU
	EndGlobalSection
	GlobalSection(SolutionProperties) = preSolution
		HideSolutionNode = FALSE
	EndGlobalSection
	GlobalSection(NestedProjects) = preSolution
		{C4F5869A-AAFD-4474-9A75-B072984C5E10} = {4359A661-30B9-438A-85A4-D065C24ED191}
		{9986D267-6215-4A63-9613-684EFD18E2C0} = {4359A661-30B9-438A-85A4-D065C24ED191}
		{732582F1-DD91-41EF-B2FC-E4AF197D3450} = {4359A661-30B9-438A-85A4-D065C24ED191}
		{31795EE5-A256-4D33-A0E9-52C5850C6CD0} = {EC9CE343-D3D5-4FA3-9A88-09666829739F}
		{434E96F5-405B-466F-8975-5CB28E71BEFF} = {EC9CE343-D3D5-4FA3-9A88-09666829739F}
		{46FB87A8-8A97-4E40-86E0-52A0D32A7B4A} = {EC9CE343-D3D5-4FA3-9A88-09666829739F}
		{F4DCDD17-456A-414C-BF68-A1A5FB90EA0B} = {527A2154-8DD4-4F38-86DA-8D3081CBA4EE}
		{2C9C6EE8-1527-4840-ACA1-E78B908EE700} = {527A2154-8DD4-4F38-86DA-8D3081CBA4EE}
		{99A56A7B-AF35-4498-85FF-AB1AD023A1C6} = {527A2154-8DD4-4F38-86DA-8D3081CBA4EE}
		{D69969DD-B170-47AD-A24F-F6009C0C9D4A} = {8BACE08F-2905-4138-9CE1-C2A028190A77}
		{109FB4AC-32CE-4DEB-A312-6CCD465E6D6F} = {8BACE08F-2905-4138-9CE1-C2A028190A77}
		{1EB65761-35B1-4DFC-9C17-B9E13FC36849} = {8BACE08F-2905-4138-9CE1-C2A028190A77}
		{7A2C9B32-9EC6-4B16-8AD8-B149B73F1042} = {1FE24CC7-E616-4675-BED4-4773A634979C}
		{FAC5166E-55E8-43B2-BE05-1D81AEC01BEC} = {1FE24CC7-E616-4675-BED4-4773A634979C}
		{991CA005-016C-4EE3-BDA7-4EA9FC7F7472} = {1FE24CC7-E616-4675-BED4-4773A634979C}
		{E2249CBC-9EDE-4624-B7C9-0A128FFD25AB} = {C1341698-D827-400F-8277-C3E88FBA1E50}
		{6F62C5C0-EEC0-4DA3-BA60-AFCEEE74B9D0} = {C1341698-D827-400F-8277-C3E88FBA1E50}
		{46A98786-EA1A-498D-9E8A-EDC6DD8A79A8} = {C1341698-D827-400F-8277-C3E88FBA1E50}
		{14FB954A-9807-495B-8710-063256ABC182} = {7F20EB32-066C-4D96-9734-B8D282FFA72D}
		{DA1A7D8C-170F-4B21-AF07-9BE5042781C9} = {7F20EB32-066C-4D96-9734-B8D282FFA72D}
		{44DF5F56-F1C3-4FBC-8F29-54C38D309AA0} = {7F20EB32-066C-4D96-9734-B8D282FFA72D}
		{866AF326-FCD8-4033-8680-2267A79AC576} = {70C5FE40-787D-445D-94DF-6CBBBBC0B392}
		{EC84DF73-DF3B-4E29-BBD1-F1E571B9BCE1} = {70C5FE40-787D-445D-94DF-6CBBBBC0B392}
		{775FA633-B0FA-4358-A07C-8D6A44B48AEE} = {70C5FE40-787D-445D-94DF-6CBBBBC0B392}
	EndGlobalSection
	GlobalSection(ExtensibilityGlobals) = postSolution
		SolutionGuid = {4D104CB2-1EE9-425E-8595-B8C4E68DD469}
	EndGlobalSection
EndGlobal
